
Microsoft Visual Studio Solution File, Format Version 12.00
# Visual Studio 15
VisualStudioVersion = 15.0.28010.2036
MinimumVisualStudioVersion = 10.0.40219.1
Project("{FAE04EC0-301F-11D3-BF4B-00C04F79EFBC}") = "OwnTicTacToe", "OwnTicTacToe\OwnTicTacToe.csproj", "{71C8E0BF-1335-4C75-B9EC-39806E28ABCE}"
EndProject
Global
	GlobalSection(SolutionConfigurationPlatforms) = preSolution
		Debug|Any CPU = Debug|Any CPU
		Release|Any CPU = Release|Any CPU
	EndGlobalSection
	GlobalSection(ProjectConfigurationPlatforms) = postSolution
		{71C8E0BF-1335-4C75-B9EC-39806E28ABCE}.Debug|Any CPU.ActiveCfg = Debug|Any CPU
		{71C8E0BF-1335-4C75-B9EC-39806E28ABCE}.Debug|Any CPU.Build.0 = Debug|Any CPU
		{71C8E0BF-1335-4C75-B9EC-39806E28ABCE}.Release|Any CPU.ActiveCfg = Release|Any CPU
		{71C8E0BF-1335-4C75-B9EC-39806E28ABCE}.Release|Any CPU.Build.0 = Release|Any CPU
	EndGlobalSection
	GlobalSection(SolutionProperties) = preSolution
		HideSolutionNode = FALSE
	EndGlobalSection
	GlobalSection(ExtensibilityGlobals) = postSolution
		SolutionGuid = {6C1F197F-6B2F-45C1-A3A7-628947CD5482}
	EndGlobalSection
EndGlobal
